# This file is automatically @generated by Cargo.
# It is not intended for manual editing.
version = 4

[[package]]
name = "webstack"
version = "0.1.0"
dependencies = [
 "webstack-core",
]

[[package]]
name = "webstack-auth"
version = "0.1.0"

[[package]]
name = "webstack-backup"
version = "0.1.0"

[[package]]
name = "webstack-cli"
version = "0.1.0"

[[package]]
name = "webstack-core"
version = "0.1.0"

[[package]]
name = "webstack-db"
version = "0.1.0"

[[package]]
name = "webstack-demo"
version = "0.1.0"
dependencies = [
 "webstack",
]

[[package]]
name = "webstack-test"
version = "0.1.0"

[[package]]
name = "webstack-web"
version = "0.1.0"
